// !$*UTF8*$!
{
	archiveVersion = 1;
	classes = {
	};
	objectVersion = 55;
	objects = {

/* Begin PBXBuildFile section */
		B582ED20277B57AE00617D45 /* AppDelegate.swift in Sources */ = {isa = PBXBuildFile; fileRef = B582ED1F277B57AE00617D45 /* AppDelegate.swift */; };
		B582ED22277B57AE00617D45 /* SceneDelegate.swift in Sources */ = {isa = PBXBuildFile; fileRef = B582ED21277B57AE00617D45 /* SceneDelegate.swift */; };
		B582ED24277B57AE00617D45 /* LottoViewController.swift in Sources */ = {isa = PBXBuildFile; fileRef = B582ED23277B57AE00617D45 /* LottoViewController.swift */; };
		B582ED29277B57AF00617D45 /* Assets.xcassets in Resources */ = {isa = PBXBuildFile; fileRef = B582ED28277B57AF00617D45 /* Assets.xcassets */; };
		B582ED2C277B57AF00617D45 /* LaunchScreen.storyboard in Resources */ = {isa = PBXBuildFile; fileRef = B582ED2A277B57AF00617D45 /* LaunchScreen.storyboard */; };
		B582ED38277B5A9C00617D45 /* LottoView.swift in Sources */ = {isa = PBXBuildFile; fileRef = B582ED37277B5A9C00617D45 /* LottoView.swift */; };
		B582ED3A277B5AE400617D45 /* LottoViewModel.swift in Sources */ = {isa = PBXBuildFile; fileRef = B582ED39277B5AE400617D45 /* LottoViewModel.swift */; };
		B582ED3C277B5AEF00617D45 /* Lotto.swift in Sources */ = {isa = PBXBuildFile; fileRef = B582ED3B277B5AEF00617D45 /* Lotto.swift */; };
		B582ED3E277B5D8F00617D45 /* LottoAPI.swift in Sources */ = {isa = PBXBuildFile; fileRef = B582ED3D277B5D8F00617D45 /* LottoAPI.swift */; };
		B582ED43277B6C8B00617D45 /* SnapKit in Frameworks */ = {isa = PBXBuildFile; productRef = B582ED42277B6C8B00617D45 /* SnapKit */; };
/* End PBXBuildFile section */

/* Begin PBXFileReference section */
		B582ED1C277B57AE00617D45 /* MVVM_Lotto.app */ = {isa = PBXFileReference; explicitFileType = wrapper.application; includeInIndex = 0; path = MVVM_Lotto.app; sourceTree = BUILT_PRODUCTS_DIR; };
		B582ED1F277B57AE00617D45 /* AppDelegate.swift */ = {isa = PBXFileReference; lastKnownFileType = sourcecode.swift; path = AppDelegate.swift; sourceTree = "<group>"; };
		B582ED21277B57AE00617D45 /* SceneDelegate.swift */ = {isa = PBXFileReference; lastKnownFileType = sourcecode.swift; path = SceneDelegate.swift; sourceTree = "<group>"; };
		B582ED23277B57AE00617D45 /* LottoViewController.swift */ = {isa = PBXFileReference; lastKnownFileType = sourcecode.swift; path = LottoViewController.swift; sourceTree = "<group>"; };
		B582ED28277B57AF00617D45 /* Assets.xcassets */ = {isa = PBXFileReference; lastKnownFileType = folder.assetcatalog; path = Assets.xcassets; sourceTree = "<group>"; };
		B582ED2B277B57AF00617D45 /* Base */ = {isa = PBXFileReference; lastKnownFileType = file.storyboard; name = Base; path = Base.lproj/LaunchScreen.storyboard; sourceTree = "<group>"; };
		B582ED2D277B57AF00617D45 /* Info.plist */ = {isa = PBXFileReference; lastKnownFileType = text.plist.xml; path = Info.plist; sourceTree = "<group>"; };
		B582ED37277B5A9C00617D45 /* LottoView.swift */ = {isa = PBXFileReference; lastKnownFileType = sourcecode.swift; path = LottoView.swift; sourceTree = "<group>"; };
		B582ED39277B5AE400617D45 /* LottoViewModel.swift */ = {isa = PBXFileReference; lastKnownFileType = sourcecode.swift; path = LottoViewModel.swift; sourceTree = "<group>"; };
		B582ED3B277B5AEF00617D45 /* Lotto.swift */ = {isa = PBXFileReference; lastKnownFileType = sourcecode.swift; path = Lotto.swift; sourceTree = "<group>"; };
		B582ED3D277B5D8F00617D45 /* LottoAPI.swift */ = {isa = PBXFileReference; lastKnownFileType = sourcecode.swift; path = LottoAPI.swift; sourceTree = "<group>"; };
/* End PBXFileReference section */

/* Begin PBXFrameworksBuildPhase section */
		B582ED19277B57AE00617D45 /* Frameworks */ = {
			isa = PBXFrameworksBuildPhase;
			buildActionMask = 2147483647;
			files = (
				B582ED43277B6C8B00617D45 /* SnapKit in Frameworks */,
			);
			runOnlyForDeploymentPostprocessing = 0;
		};
/* End PBXFrameworksBuildPhase section */

/* Begin PBXGroup section */
		B582ED13277B57AE00617D45 = {
			isa = PBXGroup;
			children = (
				B582ED1E277B57AE00617D45 /* MVVM_Lotto */,
				B582ED1D277B57AE00617D45 /* Products */,
			);
			sourceTree = "<group>";
		};
		B582ED1D277B57AE00617D45 /* Products */ = {
			isa = PBXGroup;
			children = (
				B582ED1C277B57AE00617D45 /* MVVM_Lotto.app */,
			);
			name = Products;
			sourceTree = "<group>";
		};
		B582ED1E277B57AE00617D45 /* MVVM_Lotto */ = {
			isa = PBXGroup;
			children = (
				B582ED34277B5A4600617D45 /* View */,
				B582ED36277B5A4E00617D45 /* ViewModel */,
				B582ED35277B5A4A00617D45 /* Model */,
				B582ED33277B59F300617D45 /* Project */,
			);
			path = MVVM_Lotto;
			sourceTree = "<group>";
		};
		B582ED33277B59F300617D45 /* Project */ = {
			isa = PBXGroup;
			children = (
				B582ED1F277B57AE00617D45 /* AppDelegate.swift */,
				B582ED21277B57AE00617D45 /* SceneDelegate.swift */,
				B582ED28277B57AF00617D45 /* Assets.xcassets */,
				B582ED2A277B57AF00617D45 /* LaunchScreen.storyboard */,
				B582ED2D277B57AF00617D45 /* Info.plist */,
			);
			path = Project;
			sourceTree = "<group>";
		};
		B582ED34277B5A4600617D45 /* View */ = {
			isa = PBXGroup;
			children = (
				B582ED23277B57AE00617D45 /* LottoViewController.swift */,
				B582ED37277B5A9C00617D45 /* LottoView.swift */,
			);
			path = View;
			sourceTree = "<group>";
		};
		B582ED35277B5A4A00617D45 /* Model */ = {
			isa = PBXGroup;
			children = (
				B582ED3B277B5AEF00617D45 /* Lotto.swift */,
			);
			path = Model;
			sourceTree = "<group>";
		};
		B582ED36277B5A4E00617D45 /* ViewModel */ = {
			isa = PBXGroup;
			children = (
				B582ED39277B5AE400617D45 /* LottoViewModel.swift */,
				B582ED3D277B5D8F00617D45 /* LottoAPI.swift */,
			);
			path = ViewModel;
			sourceTree = "<group>";
		};
/* End PBXGroup section */

/* Begin PBXNativeTarget section */
		B582ED1B277B57AE00617D45 /* MVVM_Lotto */ = {
			isa = PBXNativeTarget;
			buildConfigurationList = B582ED30277B57AF00617D45 /* Build configuration list for PBXNativeTarget "MVVM_Lotto" */;
			buildPhases = (
				B582ED18277B57AE00617D45 /* Sources */,
				B582ED19277B57AE00617D45 /* Frameworks */,
				B582ED1A277B57AE00617D45 /* Resources */,
			);
			buildRules = (
			);
			dependencies = (
			);
			name = MVVM_Lotto;
			packageProductDependencies = (
				B582ED42277B6C8B00617D45 /* SnapKit */,
			);
			productName = MVVM_Lotto;
			productReference = B582ED1C277B57AE00617D45 /* MVVM_Lotto.app */;
			productType = "com.apple.product-type.application";
		};
/* End PBXNativeTarget section */

/* Begin PBXProject section */
		B582ED14277B57AE00617D45 /* Project object */ = {
			isa = PBXProject;
			attributes = {
				BuildIndependentTargetsInParallel = 1;
				LastSwiftUpdateCheck = 1310;
				LastUpgradeCheck = 1310;
				TargetAttributes = {
					B582ED1B277B57AE00617D45 = {
						CreatedOnToolsVersion = 13.1;
					};
				};
			};
			buildConfigurationList = B582ED17277B57AE00617D45 /* Build configuration list for PBXProject "MVVM_Lotto" */;
			compatibilityVersion = "Xcode 13.0";
			developmentRegion = en;
			hasScannedForEncodings = 0;
			knownRegions = (
				en,
				Base,
			);
			mainGroup = B582ED13277B57AE00617D45;
			packageReferences = (
				B582ED41277B6C8B00617D45 /* XCRemoteSwiftPackageReference "SnapKit" */,
			);
			productRefGroup = B582ED1D277B57AE00617D45 /* Products */;
			projectDirPath = "";
			projectRoot = "";
			targets = (
				B582ED1B277B57AE00617D45 /* MVVM_Lotto */,
			);
		};
/* End PBXProject section */

/* Begin PBXResourcesBuildPhase section */
		B582ED1A277B57AE00617D45 /* Resources */ = {
			isa = PBXResourcesBuildPhase;
			buildActionMask = 2147483647;
			files = (
				B582ED2C277B57AF00617D45 /* LaunchScreen.storyboard in Resources */,
				B582ED29277B57AF00617D45 /* Assets.xcassets in Resources */,
			);
			runOnlyForDeploymentPostprocessing = 0;
		};
/* End PBXResourcesBuildPhase section */

/* Begin PBXSourcesBuildPhase section */
		B582ED18277B57AE00617D45 /* Sources */ = {
			isa = PBXSourcesBuildPhase;
			buildActionMask = 2147483647;
			files = (
				B582ED3C277B5AEF00617D45 /* Lotto.swift in Sources */,
				B582ED3A277B5AE400617D45 /* LottoViewModel.swift in Sources */,
				B582ED24277B57AE00617D45 /* LottoViewController.swift in Sources */,
				B582ED3E277B5D8F00617D45 /* LottoAPI.swift in Sources */,
				B582ED20277B57AE00617D45 /* AppDelegate.swift in Sources */,
				B582ED22277B57AE00617D45 /* SceneDelegate.swift in Sources */,
				B582ED38277B5A9C00617D45 /* LottoView.swift in Sources */,
			);
			runOnlyForDeploymentPostprocessing = 0;
		};
/* End PBXSourcesBuildPhase section */

/* Begin PBXVariantGroup section */
		B582ED2A277B57AF00617D45 /* LaunchScreen.storyboard */ = {
			isa = PBXVariantGroup;
			children = (
				B582ED2B277B57AF00617D45 /* Base */,
			);
			name = LaunchScreen.storyboard;
			sourceTree = "<group>";
		};
/* End PBXVariantGroup section */

/* Begin XCBuildConfiguration section */
		B582ED2E277B57AF00617D45 /* Debug */ = {
			isa = XCBuildConfiguration;
			buildSettings = {
				ALWAYS_SEARCH_USER_PATHS = NO;
				CLANG_ANALYZER_NONNULL = YES;
				CLANG_ANALYZER_NUMBER_OBJECT_CONVERSION = YES_AGGRESSIVE;
				CLANG_CXX_LANGUAGE_STANDARD = "gnu++17";
				CLANG_CXX_LIBRARY = "libc++";
				CLANG_ENABLE_MODULES = YES;
				CLANG_ENABLE_OBJC_ARC = YES;
				CLANG_ENABLE_OBJC_WEAK = YES;
				CLANG_WARN_BLOCK_CAPTURE_AUTORELEASING = YES;
				CLANG_WARN_BOOL_CONVERSION = YES;
				CLANG_WARN_COMMA = YES;
				CLANG_WARN_CONSTANT_CONVERSION = YES;
				CLANG_WARN_DEPRECATED_OBJC_IMPLEMENTATIONS = YES;
				CLANG_WARN_DIRECT_OBJC_ISA_USAGE = YES_ERROR;
				CLANG_WARN_DOCUMENTATION_COMMENTS = YES;
				CLANG_WARN_EMPTY_BODY = YES;
				CLANG_WARN_ENUM_CONVERSION = YES;
				CLANG_WARN_INFINITE_RECURSION = YES;
				CLANG_WARN_INT_CONVERSION = YES;
				CLANG_WARN_NON_LITERAL_NULL_CONVERSION = YES;
				CLANG_WARN_OBJC_IMPLICIT_RETAIN_SELF = YES;
				CLANG_WARN_OBJC_LITERAL_CONVERSION = YES;
				CLANG_WARN_OBJC_ROOT_CLASS = YES_ERROR;
				CLANG_WARN_QUOTED_INCLUDE_IN_FRAMEWORK_HEADER = YES;
				CLANG_WARN_RANGE_LOOP_ANALYSIS = YES;
				CLANG_WARN_STRICT_PROTOTYPES = YES;
				CLANG_WARN_SUSPICIOUS_MOVE = YES;
				CLANG_WARN_UNGUARDED_AVAILABILITY = YES_AGGRESSIVE;
				CLANG_WARN_UNREACHABLE_CODE = YES;
				CLANG_WARN__DUPLICATE_METHOD_MATCH = YES;
				COPY_PHASE_STRIP = NO;
				DEBUG_INFORMATION_FORMAT = dwarf;
				ENABLE_STRICT_OBJC_MSGSEND = YES;
				ENABLE_TESTABILITY = YES;
				GCC_C_LANGUAGE_STANDARD = gnu11;
				GCC_DYNAMIC_NO_PIC = NO;
				GCC_NO_COMMON_BLOCKS = YES;
				GCC_OPTIMIZATION_LEVEL = 0;
				GCC_PREPROCESSOR_DEFINITIONS = (
					"DEBUG=1",
					"$(inherited)",
				);
				GCC_WARN_64_TO_32_BIT_CONVERSION = YES;
				GCC_WARN_ABOUT_RETURN_TYPE = YES_ERROR;
				GCC_WARN_UNDECLARED_SELECTOR = YES;
				GCC_WARN_UNINITIALIZED_AUTOS = YES_AGGRESSIVE;
				GCC_WARN_UNUSED_FUNCTION = YES;
				GCC_WARN_UNUSED_VARIABLE = YES;
				IPHONEOS_DEPLOYMENT_TARGET = 15.0;
				MTL_ENABLE_DEBUG_INFO = INCLUDE_SOURCE;
				MTL_FAST_MATH = YES;
				ONLY_ACTIVE_ARCH = YES;
				SDKROOT = iphoneos;
				SWIFT_ACTIVE_COMPILATION_CONDITIONS = DEBUG;
				SWIFT_OPTIMIZATION_LEVEL = "-Onone";
			};
			name = Debug;
		};
		B582ED2F277B57AF00617D45 /* Release */ = {
			isa = XCBuildConfiguration;
			buildSettings = {
				ALWAYS_SEARCH_USER_PATHS = NO;
				CLANG_ANALYZER_NONNULL = YES;
				CLANG_ANALYZER_NUMBER_OBJECT_CONVERSION = YES_AGGRESSIVE;
				CLANG_CXX_LANGUAGE_STANDARD = "gnu++17";
				CLANG_CXX_LIBRARY = "libc++";
				CLANG_ENABLE_MODULES = YES;
				CLANG_ENABLE_OBJC_ARC = YES;
				CLANG_ENABLE_OBJC_WEAK = YES;
				CLANG_WARN_BLOCK_CAPTURE_AUTORELEASING = YES;
				CLANG_WARN_BOOL_CONVERSION = YES;
				CLANG_WARN_COMMA = YES;
				CLANG_WARN_CONSTANT_CONVERSION = YES;
				CLANG_WARN_DEPRECATED_OBJC_IMPLEMENTATIONS = YES;
				CLANG_WARN_DIRECT_OBJC_ISA_USAGE = YES_ERROR;
				CLANG_WARN_DOCUMENTATION_COMMENTS = YES;
				CLANG_WARN_EMPTY_BODY = YES;
				CLANG_WARN_ENUM_CONVERSION = YES;
				CLANG_WARN_INFINITE_RECURSION = YES;
				CLANG_WARN_INT_CONVERSION = YES;
				CLANG_WARN_NON_LITERAL_NULL_CONVERSION = YES;
				CLANG_WARN_OBJC_IMPLICIT_RETAIN_SELF = YES;
				CLANG_WARN_OBJC_LITERAL_CONVERSION = YES;
				CLANG_WARN_OBJC_ROOT_CLASS = YES_ERROR;
				CLANG_WARN_QUOTED_INCLUDE_IN_FRAMEWORK_HEADER = YES;
				CLANG_WARN_RANGE_LOOP_ANALYSIS = YES;
				CLANG_WARN_STRICT_PROTOTYPES = YES;
				CLANG_WARN_SUSPICIOUS_MOVE = YES;
				CLANG_WARN_UNGUARDED_AVAILABILITY = YES_AGGRESSIVE;
				CLANG_WARN_UNREACHABLE_CODE = YES;
				CLANG_WARN__DUPLICATE_METHOD_MATCH = YES;
				COPY_PHASE_STRIP = NO;
				DEBUG_INFORMATION_FORMAT = "dwarf-with-dsym";
				ENABLE_NS_ASSERTIONS = NO;
				ENABLE_STRICT_OBJC_MSGSEND = YES;
				GCC_C_LANGUAGE_STANDARD = gnu11;
				GCC_NO_COMMON_BLOCKS = YES;
				GCC_WARN_64_TO_32_BIT_CONVERSION = YES;
				GCC_WARN_ABOUT_RETURN_TYPE = YES_ERROR;
				GCC_WARN_UNDECLARED_SELECTOR = YES;
				GCC_WARN_UNINITIALIZED_AUTOS = YES_AGGRESSIVE;
				GCC_WARN_UNUSED_FUNCTION = YES;
				GCC_WARN_UNUSED_VARIABLE = YES;
				IPHONEOS_DEPLOYMENT_TARGET = 15.0;
				MTL_ENABLE_DEBUG_INFO = NO;
				MTL_FAST_MATH = YES;
				SDKROOT = iphoneos;
				SWIFT_COMPILATION_MODE = wholemodule;
				SWIFT_OPTIMIZATION_LEVEL = "-O";
				VALIDATE_PRODUCT = YES;
			};
			name = Release;
		};
		B582ED31277B57AF00617D45 /* Debug */ = {
			isa = XCBuildConfiguration;
			buildSettings = {
				ASSETCATALOG_COMPILER_APPICON_NAME = AppIcon;
				ASSETCATALOG_COMPILER_GLOBAL_ACCENT_COLOR_NAME = AccentColor;
				CODE_SIGN_STYLE = Automatic;
				CURRENT_PROJECT_VERSION = 1;
				DEVELOPMENT_TEAM = AVZ9493N69;
				GENERATE_INFOPLIST_FILE = YES;
				INFOPLIST_FILE = MVVM_Lotto/Project/Info.plist;
				INFOPLIST_KEY_UIApplicationSupportsIndirectInputEvents = YES;
				INFOPLIST_KEY_UILaunchStoryboardName = LaunchScreen;
				INFOPLIST_KEY_UISupportedInterfaceOrientations_iPad = "UIInterfaceOrientationPortrait UIInterfaceOrientationPortraitUpsideDown UIInterfaceOrientationLandscapeLeft UIInterfaceOrientationLandscapeRight";
				INFOPLIST_KEY_UISupportedInterfaceOrientations_iPhone = "UIInterfaceOrientationPortrait UIInterfaceOrientationLandscapeLeft UIInterfaceOrientationLandscapeRight";
				LD_RUNPATH_SEARCH_PATHS = (
					"$(inherited)",
					"@executable_path/Frameworks",
				);
				MARKETING_VERSION = 1.0;
				PRODUCT_BUNDLE_IDENTIFIER = "com.miniOS.MVVM-Lotto";
				PRODUCT_NAME = "$(TARGET_NAME)";
				SWIFT_EMIT_LOC_STRINGS = YES;
				SWIFT_VERSION = 5.0;
				TARGETED_DEVICE_FAMILY = 1;
			};
			name = Debug;
		};
		B582ED32277B57AF00617D45 /* Release */ = {
			isa = XCBuildConfiguration;
			buildSettings = {
				ASSETCATALOG_COMPILER_APPICON_NAME = AppIcon;
				ASSETCATALOG_COMPILER_GLOBAL_ACCENT_COLOR_NAME = AccentColor;
				CODE_SIGN_STYLE = Automatic;
				CURRENT_PROJECT_VERSION = 1;
				DEVELOPMENT_TEAM = AVZ9493N69;
				GENERATE_INFOPLIST_FILE = YES;
				INFOPLIST_FILE = MVVM_Lotto/Project/Info.plist;
				INFOPLIST_KEY_UIApplicationSupportsIndirectInputEvents = YES;
				INFOPLIST_KEY_UILaunchStoryboardName = LaunchScreen;
				INFOPLIST_KEY_UISupportedInterfaceOrientations_iPad = "UIInterfaceOrientationPortrait UIInterfaceOrientationPortraitUpsideDown UIInterfaceOrientationLandscapeLeft UIInterfaceOrientationLandscapeRight";
				INFOPLIST_KEY_UISupportedInterfaceOrientations_iPhone = "UIInterfaceOrientationPortrait UIInterfaceOrientationLandscapeLeft UIInterfaceOrientationLandscapeRight";
				LD_RUNPATH_SEARCH_PATHS = (
					"$(inherited)",
					"@executable_path/Frameworks",
				);
				MARKETING_VERSION = 1.0;
				PRODUCT_BUNDLE_IDENTIFIER = "com.miniOS.MVVM-Lotto";
				PRODUCT_NAME = "$(TARGET_NAME)";
				SWIFT_EMIT_LOC_STRINGS = YES;
				SWIFT_VERSION = 5.0;
				TARGETED_DEVICE_FAMILY = 1;
			};
			name = Release;
		};
/* End XCBuildConfiguration section */

/* Begin XCConfigurationList section */
		B582ED17277B57AE00617D45 /* Build configuration list for PBXProject "MVVM_Lotto" */ = {
			isa = XCConfigurationList;
			buildConfigurations = (
				B582ED2E277B57AF00617D45 /* Debug */,
				B582ED2F277B57AF00617D45 /* Release */,
			);
			defaultConfigurationIsVisible = 0;
			defaultConfigurationName = Release;
		};
		B582ED30277B57AF00617D45 /* Build configuration list for PBXNativeTarget "MVVM_Lotto" */ = {
			isa = XCConfigurationList;
			buildConfigurations = (
				B582ED31277B57AF00617D45 /* Debug */,
				B582ED32277B57AF00617D45 /* Release */,
			);
			defaultConfigurationIsVisible = 0;
			defaultConfigurationName = Release;
		};
/* End XCConfigurationList section */

/* Begin XCRemoteSwiftPackageReference section */
		B582ED41277B6C8B00617D45 /* XCRemoteSwiftPackageReference "SnapKit" */ = {
			isa = XCRemoteSwiftPackageReference;
			repositoryURL = "https://github.com/SnapKit/SnapKit.git";
			requirement = {
				kind = upToNextMajorVersion;
				minimumVersion = 5.0.0;
			};
		};
/* End XCRemoteSwiftPackageReference section */

/* Begin XCSwiftPackageProductDependency section */
		B582ED42277B6C8B00617D45 /* SnapKit */ = {
			isa = XCSwiftPackageProductDependency;
			package = B582ED41277B6C8B00617D45 /* XCRemoteSwiftPackageReference "SnapKit" */;
			productName = SnapKit;
		};
/* End XCSwiftPackageProductDependency section */
	};
	rootObject = B582ED14277B57AE00617D45 /* Project object */;
}
